
Microsoft Visual Studio Solution File, Format Version 12.00
# Visual Studio Version 17
VisualStudioVersion = 17.14.36401.2 d17.14
MinimumVisualStudioVersion = 10.0.40219.1
Project("{FAE04EC0-301F-11D3-BF4B-00C04F79EFBC}") = "arvBinaria", "arvBinaria.csproj", "{41367950-D5DF-4349-A629-ABCC77CD74F5}"
EndProject
Global
	GlobalSection(SolutionConfigurationPlatforms) = preSolution
		Debug|Any CPU = Debug|Any CPU
		Release|Any CPU = Release|Any CPU
	EndGlobalSection
	GlobalSection(ProjectConfigurationPlatforms) = postSolution
		{41367950-D5DF-4349-A629-ABCC77CD74F5}.Debug|Any CPU.ActiveCfg = Debug|Any CPU
		{41367950-D5DF-4349-A629-ABCC77CD74F5}.Debug|Any CPU.Build.0 = Debug|Any CPU
		{41367950-D5DF-4349-A629-ABCC77CD74F5}.Release|Any CPU.ActiveCfg = Release|Any CPU
		{41367950-D5DF-4349-A629-ABCC77CD74F5}.Release|Any CPU.Build.0 = Release|Any CPU
	EndGlobalSection
	GlobalSection(SolutionProperties) = preSolution
		HideSolutionNode = FALSE
	EndGlobalSection
	GlobalSection(ExtensibilityGlobals) = postSolution
		SolutionGuid = {8A189D01-349B-4C40-AA1F-9F1D55DDF799}
	EndGlobalSection
EndGlobal
