
Microsoft Visual Studio Solution File, Format Version 12.00
# Visual Studio Version 17
VisualStudioVersion = 17.8.34330.188
MinimumVisualStudioVersion = 10.0.40219.1
Project("{FAE04EC0-301F-11D3-BF4B-00C04F79EFBC}") = "apNaufragio_1", "apNaufragio_1.csproj", "{16A4F7FC-4D78-4F14-8A9F-BE00AFBD82C2}"
EndProject
Global
	GlobalSection(SolutionConfigurationPlatforms) = preSolution
		Debug|Any CPU = Debug|Any CPU
		Release|Any CPU = Release|Any CPU
	EndGlobalSection
	GlobalSection(ProjectConfigurationPlatforms) = postSolution
		{16A4F7FC-4D78-4F14-8A9F-BE00AFBD82C2}.Debug|Any CPU.ActiveCfg = Debug|Any CPU
		{16A4F7FC-4D78-4F14-8A9F-BE00AFBD82C2}.Debug|Any CPU.Build.0 = Debug|Any CPU
		{16A4F7FC-4D78-4F14-8A9F-BE00AFBD82C2}.Release|Any CPU.ActiveCfg = Release|Any CPU
		{16A4F7FC-4D78-4F14-8A9F-BE00AFBD82C2}.Release|Any CPU.Build.0 = Release|Any CPU
	EndGlobalSection
	GlobalSection(SolutionProperties) = preSolution
		HideSolutionNode = FALSE
	EndGlobalSection
	GlobalSection(ExtensibilityGlobals) = postSolution
		SolutionGuid = {9AFA5C33-0EB3-4164-8C49-7D5589CBBF97}
	EndGlobalSection
EndGlobal
