
Microsoft Visual Studio Solution File, Format Version 12.00
# Visual Studio Version 17
VisualStudioVersion = 17.8.34330.188
MinimumVisualStudioVersion = 10.0.40219.1
Project("{FAE04EC0-301F-11D3-BF4B-00C04F79EFBC}") = "apSumerpercado", "apSumerpercado.csproj", "{02C2B8D0-A4A9-45F2-BDC4-D3CB4C65D6FE}"
EndProject
Global
	GlobalSection(SolutionConfigurationPlatforms) = preSolution
		Debug|Any CPU = Debug|Any CPU
		Release|Any CPU = Release|Any CPU
	EndGlobalSection
	GlobalSection(ProjectConfigurationPlatforms) = postSolution
		{02C2B8D0-A4A9-45F2-BDC4-D3CB4C65D6FE}.Debug|Any CPU.ActiveCfg = Debug|Any CPU
		{02C2B8D0-A4A9-45F2-BDC4-D3CB4C65D6FE}.Debug|Any CPU.Build.0 = Debug|Any CPU
		{02C2B8D0-A4A9-45F2-BDC4-D3CB4C65D6FE}.Release|Any CPU.ActiveCfg = Release|Any CPU
		{02C2B8D0-A4A9-45F2-BDC4-D3CB4C65D6FE}.Release|Any CPU.Build.0 = Release|Any CPU
	EndGlobalSection
	GlobalSection(SolutionProperties) = preSolution
		HideSolutionNode = FALSE
	EndGlobalSection
	GlobalSection(ExtensibilityGlobals) = postSolution
		SolutionGuid = {D216E993-E0A5-4F7E-8F4B-60F1616ACA39}
	EndGlobalSection
EndGlobal
