
Microsoft Visual Studio Solution File, Format Version 12.00
# Visual Studio Version 17
VisualStudioVersion = 17.14.36121.58 d17.14
MinimumVisualStudioVersion = 10.0.40219.1
Project("{FAE04EC0-301F-11D3-BF4B-00C04F79EFBC}") = "ProvaC_ED", "ProvaC_ED.csproj", "{2FB67005-E5A7-4B02-B635-122137261FED}"
EndProject
Global
	GlobalSection(SolutionConfigurationPlatforms) = preSolution
		Debug|Any CPU = Debug|Any CPU
		Release|Any CPU = Release|Any CPU
	EndGlobalSection
	GlobalSection(ProjectConfigurationPlatforms) = postSolution
		{2FB67005-E5A7-4B02-B635-122137261FED}.Debug|Any CPU.ActiveCfg = Debug|Any CPU
		{2FB67005-E5A7-4B02-B635-122137261FED}.Debug|Any CPU.Build.0 = Debug|Any CPU
		{2FB67005-E5A7-4B02-B635-122137261FED}.Release|Any CPU.ActiveCfg = Release|Any CPU
		{2FB67005-E5A7-4B02-B635-122137261FED}.Release|Any CPU.Build.0 = Release|Any CPU
	EndGlobalSection
	GlobalSection(SolutionProperties) = preSolution
		HideSolutionNode = FALSE
	EndGlobalSection
	GlobalSection(ExtensibilityGlobals) = postSolution
		SolutionGuid = {43C6931F-DF36-4E1A-98EB-EEA60C0EA1F9}
	EndGlobalSection
EndGlobal
