
Microsoft Visual Studio Solution File, Format Version 12.00
# Visual Studio Version 17
VisualStudioVersion = 17.13.35828.75 d17.13
MinimumVisualStudioVersion = 10.0.40219.1
Project("{FAE04EC0-301F-11D3-BF4B-00C04F79EFBC}") = "ArvoreBinariaDeBusca", "ArvoreBinariaDeBusca.csproj", "{38198478-ACA3-4A96-801D-E4D49662F34C}"
EndProject
Global
	GlobalSection(SolutionConfigurationPlatforms) = preSolution
		Debug|Any CPU = Debug|Any CPU
		Release|Any CPU = Release|Any CPU
	EndGlobalSection
	GlobalSection(ProjectConfigurationPlatforms) = postSolution
		{38198478-ACA3-4A96-801D-E4D49662F34C}.Debug|Any CPU.ActiveCfg = Debug|Any CPU
		{38198478-ACA3-4A96-801D-E4D49662F34C}.Debug|Any CPU.Build.0 = Debug|Any CPU
		{38198478-ACA3-4A96-801D-E4D49662F34C}.Release|Any CPU.ActiveCfg = Release|Any CPU
		{38198478-ACA3-4A96-801D-E4D49662F34C}.Release|Any CPU.Build.0 = Release|Any CPU
	EndGlobalSection
	GlobalSection(SolutionProperties) = preSolution
		HideSolutionNode = FALSE
	EndGlobalSection
	GlobalSection(ExtensibilityGlobals) = postSolution
		SolutionGuid = {655E7D97-024C-4C98-A120-EAFDDB8CF1B2}
	EndGlobalSection
EndGlobal
