
Microsoft Visual Studio Solution File, Format Version 12.00
# Visual Studio Version 17
VisualStudioVersion = 17.10.35122.118
MinimumVisualStudioVersion = 10.0.40219.1
Project("{FAE04EC0-301F-11D3-BF4B-00C04F79EFBC}") = "apAlunos", "apAlunos.csproj", "{30B321C8-971E-4ACC-AF5A-FA3C1BB204F7}"
EndProject
Global
	GlobalSection(SolutionConfigurationPlatforms) = preSolution
		Debug|Any CPU = Debug|Any CPU
		Release|Any CPU = Release|Any CPU
	EndGlobalSection
	GlobalSection(ProjectConfigurationPlatforms) = postSolution
		{30B321C8-971E-4ACC-AF5A-FA3C1BB204F7}.Debug|Any CPU.ActiveCfg = Debug|Any CPU
		{30B321C8-971E-4ACC-AF5A-FA3C1BB204F7}.Debug|Any CPU.Build.0 = Debug|Any CPU
		{30B321C8-971E-4ACC-AF5A-FA3C1BB204F7}.Release|Any CPU.ActiveCfg = Release|Any CPU
		{30B321C8-971E-4ACC-AF5A-FA3C1BB204F7}.Release|Any CPU.Build.0 = Release|Any CPU
	EndGlobalSection
	GlobalSection(SolutionProperties) = preSolution
		HideSolutionNode = FALSE
	EndGlobalSection
	GlobalSection(ExtensibilityGlobals) = postSolution
		SolutionGuid = {52EBB76F-9D28-43B5-9B11-B8CCD86F17AB}
	EndGlobalSection
EndGlobal
