
Microsoft Visual Studio Solution File, Format Version 12.00
# Visual Studio Version 17
VisualStudioVersion = 17.13.35828.75 d17.13
MinimumVisualStudioVersion = 10.0.40219.1
Project("{FAE04EC0-301F-11D3-BF4B-00C04F79EFBC}") = "Polinomio", "Polinomio\Polinomio.csproj", "{C6CBC11A-3790-46DC-A3F6-F73CC761BDA1}"
EndProject
Global
	GlobalSection(SolutionConfigurationPlatforms) = preSolution
		Debug|Any CPU = Debug|Any CPU
		Release|Any CPU = Release|Any CPU
	EndGlobalSection
	GlobalSection(ProjectConfigurationPlatforms) = postSolution
		{C6CBC11A-3790-46DC-A3F6-F73CC761BDA1}.Debug|Any CPU.ActiveCfg = Debug|Any CPU
		{C6CBC11A-3790-46DC-A3F6-F73CC761BDA1}.Debug|Any CPU.Build.0 = Debug|Any CPU
		{C6CBC11A-3790-46DC-A3F6-F73CC761BDA1}.Release|Any CPU.ActiveCfg = Release|Any CPU
		{C6CBC11A-3790-46DC-A3F6-F73CC761BDA1}.Release|Any CPU.Build.0 = Release|Any CPU
	EndGlobalSection
	GlobalSection(SolutionProperties) = preSolution
		HideSolutionNode = FALSE
	EndGlobalSection
	GlobalSection(ExtensibilityGlobals) = postSolution
		SolutionGuid = {6FD691F5-45FA-4C4A-A14B-F23AF3EA7B94}
	EndGlobalSection
EndGlobal
